
Microsoft Visual Studio Solution File, Format Version 12.00
# Visual Studio Version 16
VisualStudioVersion = 16.0.30128.74
MinimumVisualStudioVersion = 10.0.40219.1
Project("{9A19103F-16F7-4668-BE54-9A1E7A4F7556}") = "BlazorCRUD.Server", "Server\BlazorCRUD.Server.csproj", "{C753B663-AFFE-4077-8A32-9FEA128B7596}"
EndProject
Project("{9A19103F-16F7-4668-BE54-9A1E7A4F7556}") = "BlazorCRUD.Client", "Client\BlazorCRUD.Client.csproj", "{D5FFA683-69DB-4AC7-AEE2-4EE7C610B9D5}"
EndProject
Project("{9A19103F-16F7-4668-BE54-9A1E7A4F7556}") = "BlazorCRUD.Shared", "Shared\BlazorCRUD.Shared.csproj", "{6251094D-8AB3-4FA2-BC34-916388D434D7}"
EndProject
Global
	GlobalSection(SolutionConfigurationPlatforms) = preSolution
		Debug|Any CPU = Debug|Any CPU
		Release|Any CPU = Release|Any CPU
	EndGlobalSection
	GlobalSection(ProjectConfigurationPlatforms) = postSolution
		{C753B663-AFFE-4077-8A32-9FEA128B7596}.Debug|Any CPU.ActiveCfg = Debug|Any CPU
		{C753B663-AFFE-4077-8A32-9FEA128B7596}.Debug|Any CPU.Build.0 = Debug|Any CPU
		{C753B663-AFFE-4077-8A32-9FEA128B7596}.Release|Any CPU.ActiveCfg = Release|Any CPU
		{C753B663-AFFE-4077-8A32-9FEA128B7596}.Release|Any CPU.Build.0 = Release|Any CPU
		{D5FFA683-69DB-4AC7-AEE2-4EE7C610B9D5}.Debug|Any CPU.ActiveCfg = Debug|Any CPU
		{D5FFA683-69DB-4AC7-AEE2-4EE7C610B9D5}.Debug|Any CPU.Build.0 = Debug|Any CPU
		{D5FFA683-69DB-4AC7-AEE2-4EE7C610B9D5}.Release|Any CPU.ActiveCfg = Release|Any CPU
		{D5FFA683-69DB-4AC7-AEE2-4EE7C610B9D5}.Release|Any CPU.Build.0 = Release|Any CPU
		{6251094D-8AB3-4FA2-BC34-916388D434D7}.Debug|Any CPU.ActiveCfg = Debug|Any CPU
		{6251094D-8AB3-4FA2-BC34-916388D434D7}.Debug|Any CPU.Build.0 = Debug|Any CPU
		{6251094D-8AB3-4FA2-BC34-916388D434D7}.Release|Any CPU.ActiveCfg = Release|Any CPU
		{6251094D-8AB3-4FA2-BC34-916388D434D7}.Release|Any CPU.Build.0 = Release|Any CPU
	EndGlobalSection
	GlobalSection(SolutionProperties) = preSolution
		HideSolutionNode = FALSE
	EndGlobalSection
	GlobalSection(ExtensibilityGlobals) = postSolution
		SolutionGuid = {5B7973D6-14E4-4A70-9109-D3D3B4873269}
	EndGlobalSection
EndGlobal
