
Microsoft Visual Studio Solution File, Format Version 12.00
# Visual Studio Version 16
VisualStudioVersion = 16.0.30615.102
MinimumVisualStudioVersion = 10.0.40219.1
Project("{9A19103F-16F7-4668-BE54-9A1E7A4F7556}") = "BlazorGridComponent", "BlazorGridComponent.csproj", "{5BC803B4-C809-4D74-8582-0D37E75B76B9}"
EndProject
Global
	GlobalSection(SolutionConfigurationPlatforms) = preSolution
		Debug|Any CPU = Debug|Any CPU
		Release|Any CPU = Release|Any CPU
	EndGlobalSection
	GlobalSection(ProjectConfigurationPlatforms) = postSolution
		{5BC803B4-C809-4D74-8582-0D37E75B76B9}.Debug|Any CPU.ActiveCfg = Debug|Any CPU
		{5BC803B4-C809-4D74-8582-0D37E75B76B9}.Debug|Any CPU.Build.0 = Debug|Any CPU
		{5BC803B4-C809-4D74-8582-0D37E75B76B9}.Release|Any CPU.ActiveCfg = Release|Any CPU
		{5BC803B4-C809-4D74-8582-0D37E75B76B9}.Release|Any CPU.Build.0 = Release|Any CPU
	EndGlobalSection
	GlobalSection(SolutionProperties) = preSolution
		HideSolutionNode = FALSE
	EndGlobalSection
	GlobalSection(ExtensibilityGlobals) = postSolution
		SolutionGuid = {47B5E0C4-E166-41FB-B9EA-FAC6189FF57A}
	EndGlobalSection
EndGlobal
